
Microsoft Visual Studio Solution File, Format Version 12.00
# Visual Studio Version 17
VisualStudioVersion = 17.2.32519.379
MinimumVisualStudioVersion = 10.0.40219.1
Project("{9A19103F-16F7-4668-BE54-9A1E7A4F7556}") = "NetCoreSpa", "NetCoreSpa.csproj", "{51E98F5C-1A9B-4809-AD21-5266C8CCA8BB}"
EndProject
Global
	GlobalSection(SolutionConfigurationPlatforms) = preSolution
		Debug|Any CPU = Debug|Any CPU
		Release|Any CPU = Release|Any CPU
	EndGlobalSection
	GlobalSection(ProjectConfigurationPlatforms) = postSolution
		{51E98F5C-1A9B-4809-AD21-5266C8CCA8BB}.Debug|Any CPU.ActiveCfg = Debug|Any CPU
		{51E98F5C-1A9B-4809-AD21-5266C8CCA8BB}.Debug|Any CPU.Build.0 = Debug|Any CPU
		{51E98F5C-1A9B-4809-AD21-5266C8CCA8BB}.Release|Any CPU.ActiveCfg = Release|Any CPU
		{51E98F5C-1A9B-4809-AD21-5266C8CCA8BB}.Release|Any CPU.Build.0 = Release|Any CPU
	EndGlobalSection
	GlobalSection(SolutionProperties) = preSolution
		HideSolutionNode = FALSE
	EndGlobalSection
	GlobalSection(ExtensibilityGlobals) = postSolution
		SolutionGuid = {FAA9CE2B-05EC-4E13-9ECF-2580E5419DE5}
	EndGlobalSection
EndGlobal
